
Microsoft Visual Studio Solution File, Format Version 12.00
# Visual Studio 2012
Project("{FAE04EC0-301F-11D3-BF4B-00C04F79EFBC}") = "SimpleStoreASP", "SimpleStoreASP\SimpleStoreASP.csproj", "{0B08E642-301F-4DED-8A16-89580EA0CD87}"
EndProject
Global
	GlobalSection(SolutionConfigurationPlatforms) = preSolution
		Debug|Any CPU = Debug|Any CPU
		Release|Any CPU = Release|Any CPU
	EndGlobalSection
	GlobalSection(ProjectConfigurationPlatforms) = postSolution
		{0B08E642-301F-4DED-8A16-89580EA0CD87}.Debug|Any CPU.ActiveCfg = Debug|Any CPU
		{0B08E642-301F-4DED-8A16-89580EA0CD87}.Debug|Any CPU.Build.0 = Debug|Any CPU
		{0B08E642-301F-4DED-8A16-89580EA0CD87}.Release|Any CPU.ActiveCfg = Release|Any CPU
		{0B08E642-301F-4DED-8A16-89580EA0CD87}.Release|Any CPU.Build.0 = Release|Any CPU
	EndGlobalSection
EndGlobal
